github.com/SimonMorphy/grok-go v1.0.0 h1:h5pxFEutYnTUNpTfx5c4Hxno//CXxAoPUaUV2rE0QPk=
github.com/SimonMorphy/grok-go v1.0.0/go.mod h1:kG7gue5Rd9eso7JgME6wvT3pvwVa8AdOi0fUFguE4Pw=
github.com/joho/godotenv v1.5.1 h1:7eLL/+HRGLY0ldzfGMeQkb7vMd0as4CfYvUVzLqw0N0=
github.com/joho/godotenv v1.5.1/go.mod h1:f4LDr5Voq0i2e/R5DDNOoa2zzDfwtkZa6DnEwAbqwq4=
